
Microsoft Visual Studio Solution File, Format Version 12.00
# Visual Studio Version 16
VisualStudioVersion = 16.0.29728.190
MinimumVisualStudioVersion = 10.0.40219.1
Project("{FAE04EC0-301F-11D3-BF4B-00C04F79EFBC}") = "Modbus-RTU-Master", "Modbus-RTU-Master.csproj", "{8A92FB8E-4B91-47B4-A3A7-5898C4BDB971}"
EndProject
Global
	GlobalSection(SolutionConfigurationPlatforms) = preSolution
		Debug|Any CPU = Debug|Any CPU
		Release|Any CPU = Release|Any CPU
	EndGlobalSection
	GlobalSection(ProjectConfigurationPlatforms) = postSolution
		{8A92FB8E-4B91-47B4-A3A7-5898C4BDB971}.Debug|Any CPU.ActiveCfg = Debug|Any CPU
		{8A92FB8E-4B91-47B4-A3A7-5898C4BDB971}.Debug|Any CPU.Build.0 = Debug|Any CPU
		{8A92FB8E-4B91-47B4-A3A7-5898C4BDB971}.Release|Any CPU.ActiveCfg = Release|Any CPU
		{8A92FB8E-4B91-47B4-A3A7-5898C4BDB971}.Release|Any CPU.Build.0 = Release|Any CPU
	EndGlobalSection
	GlobalSection(SolutionProperties) = preSolution
		HideSolutionNode = FALSE
	EndGlobalSection
	GlobalSection(ExtensibilityGlobals) = postSolution
		SolutionGuid = {18EDE752-F66A-4B2F-A320-60DDE3375799}
	EndGlobalSection
EndGlobal
